
Microsoft Visual Studio Solution File, Format Version 12.00
# Visual Studio Version 17
VisualStudioVersion = 17.3.32825.248
MinimumVisualStudioVersion = 10.0.40219.1
Project("{FAE04EC0-301F-11D3-BF4B-00C04F79EFBC}") = "AnnonsWebApi", "AnnonsWebApi\AnnonsWebApi.csproj", "{1340F47F-A17E-4E58-A1D6-2A5506E8832B}"
EndProject
Global
	GlobalSection(SolutionConfigurationPlatforms) = preSolution
		Debug|Any CPU = Debug|Any CPU
		Release|Any CPU = Release|Any CPU
	EndGlobalSection
	GlobalSection(ProjectConfigurationPlatforms) = postSolution
		{1340F47F-A17E-4E58-A1D6-2A5506E8832B}.Debug|Any CPU.ActiveCfg = Debug|Any CPU
		{1340F47F-A17E-4E58-A1D6-2A5506E8832B}.Debug|Any CPU.Build.0 = Debug|Any CPU
		{1340F47F-A17E-4E58-A1D6-2A5506E8832B}.Release|Any CPU.ActiveCfg = Release|Any CPU
		{1340F47F-A17E-4E58-A1D6-2A5506E8832B}.Release|Any CPU.Build.0 = Release|Any CPU
	EndGlobalSection
	GlobalSection(SolutionProperties) = preSolution
		HideSolutionNode = FALSE
	EndGlobalSection
	GlobalSection(ExtensibilityGlobals) = postSolution
		SolutionGuid = {68832AC0-0053-40E5-B747-ADBF87FE634C}
	EndGlobalSection
EndGlobal
